// !$*UTF8*$!
{
	archiveVersion = 1;
	classes = {
	};
	objectVersion = 46;
	objects = {

/* Begin PBXBuildFile section */
		20023687217895D700CBC446 /* UIColor+TFKit.m in Sources */ = {isa = PBXBuildFile; fileRef = 20023660217895D700CBC446 /* UIColor+TFKit.m */; };
		20023688217895D700CBC446 /* UIView+TFKit.m in Sources */ = {isa = PBXBuildFile; fileRef = 20023661217895D700CBC446 /* UIView+TFKit.m */; };
		20023689217895D700CBC446 /* UIBarButtonItem+TFKit.m in Sources */ = {isa = PBXBuildFile; fileRef = 20023663217895D700CBC446 /* UIBarButtonItem+TFKit.m */; };
		2002368A217895D700CBC446 /* NSArray+TFLogChinese.m in Sources */ = {isa = PBXBuildFile; fileRef = 20023664217895D700CBC446 /* NSArray+TFLogChinese.m */; };
		2002368B217895D700CBC446 /* NSObject+TFTimer.m in Sources */ = {isa = PBXBuildFile; fileRef = 20023665217895D700CBC446 /* NSObject+TFTimer.m */; };
		2002368C217895D700CBC446 /* UINavigationController+TFKit.m in Sources */ = {isa = PBXBuildFile; fileRef = 20023667217895D700CBC446 /* UINavigationController+TFKit.m */; };
		2002368D217895D700CBC446 /* NSObject+TFGCDKit.m in Sources */ = {isa = PBXBuildFile; fileRef = 20023668217895D700CBC446 /* NSObject+TFGCDKit.m */; };
		2002368E217895D700CBC446 /* UINavigationBar+TFKit.m in Sources */ = {isa = PBXBuildFile; fileRef = 20023669217895D700CBC446 /* UINavigationBar+TFKit.m */; };
		2002368F217895D700CBC446 /* UIViewController+TFDebugKit.m in Sources */ = {isa = PBXBuildFile; fileRef = 2002366D217895D700CBC446 /* UIViewController+TFDebugKit.m */; };
		20023690217895D700CBC446 /* NSDictionary+TFLogChinese.m in Sources */ = {isa = PBXBuildFile; fileRef = 2002366F217895D700CBC446 /* NSDictionary+TFLogChinese.m */; };
		20023691217895D700CBC446 /* NSObject+TFKit.m in Sources */ = {isa = PBXBuildFile; fileRef = 20023671217895D700CBC446 /* NSObject+TFKit.m */; };
		20023692217895D700CBC446 /* UIView+TFUIDevKit.m in Sources */ = {isa = PBXBuildFile; fileRef = 20023674217895D700CBC446 /* UIView+TFUIDevKit.m */; };
		20023693217895D700CBC446 /* NSString+TFKit.m in Sources */ = {isa = PBXBuildFile; fileRef = 2002367F217895D700CBC446 /* NSString+TFKit.m */; };
		20023694217895D700CBC446 /* UIImage+TFKit.m in Sources */ = {isa = PBXBuildFile; fileRef = 20023682217895D700CBC446 /* UIImage+TFKit.m */; };
		20023695217895D700CBC446 /* UIActionSheet+TFKit.m in Sources */ = {isa = PBXBuildFile; fileRef = 20023684217895D700CBC446 /* UIActionSheet+TFKit.m */; };
		20023696217895D700CBC446 /* UIAlertView+TFKit.m in Sources */ = {isa = PBXBuildFile; fileRef = 20023685217895D700CBC446 /* UIAlertView+TFKit.m */; };
		20023697217895D700CBC446 /* UIViewController+TFKit.m in Sources */ = {isa = PBXBuildFile; fileRef = 20023686217895D700CBC446 /* UIViewController+TFKit.m */; };
		CD1676121DC87BD000969C21 /* NSObject+TFExecute.m in Sources */ = {isa = PBXBuildFile; fileRef = CD1674031DC87BCF00969C21 /* NSObject+TFExecute.m */; };
		CD4114EA1E724C380062012E /* TFEasyCoderConfigue.m in Sources */ = {isa = PBXBuildFile; fileRef = CD4114E91E724C380062012E /* TFEasyCoderConfigue.m */; };
		CD922DB01DD195B000CABEFA /* TableviewHeader.m in Sources */ = {isa = PBXBuildFile; fileRef = CD922DAF1DD195B000CABEFA /* TableviewHeader.m */; };
		CD922DB31DD195C400CABEFA /* TableviewCell.m in Sources */ = {isa = PBXBuildFile; fileRef = CD922DB21DD195C400CABEFA /* TableviewCell.m */; };
		CD922DCE1DD1966900CABEFA /* MASCompositeConstraint.m in Sources */ = {isa = PBXBuildFile; fileRef = CD922DB61DD1966900CABEFA /* MASCompositeConstraint.m */; };
		CD922DCF1DD1966900CABEFA /* MASConstraint.m in Sources */ = {isa = PBXBuildFile; fileRef = CD922DB91DD1966900CABEFA /* MASConstraint.m */; };
		CD922DD01DD1966900CABEFA /* MASConstraintMaker.m in Sources */ = {isa = PBXBuildFile; fileRef = CD922DBB1DD1966900CABEFA /* MASConstraintMaker.m */; };
		CD922DD11DD1966900CABEFA /* MASLayoutConstraint.m in Sources */ = {isa = PBXBuildFile; fileRef = CD922DBD1DD1966900CABEFA /* MASLayoutConstraint.m */; };
		CD922DD21DD1966900CABEFA /* MASViewAttribute.m in Sources */ = {isa = PBXBuildFile; fileRef = CD922DC11DD1966900CABEFA /* MASViewAttribute.m */; };
		CD922DD31DD1966900CABEFA /* MASViewConstraint.m in Sources */ = {isa = PBXBuildFile; fileRef = CD922DC31DD1966900CABEFA /* MASViewConstraint.m */; };
		CD922DD41DD1966900CABEFA /* NSArray+MASAdditions.m in Sources */ = {isa = PBXBuildFile; fileRef = CD922DC51DD1966900CABEFA /* NSArray+MASAdditions.m */; };
		CD922DD51DD1966900CABEFA /* NSLayoutConstraint+MASDebugAdditions.m in Sources */ = {isa = PBXBuildFile; fileRef = CD922DC81DD1966900CABEFA /* NSLayoutConstraint+MASDebugAdditions.m */; };
		CD922DD61DD1966900CABEFA /* View+MASAdditions.m in Sources */ = {isa = PBXBuildFile; fileRef = CD922DCA1DD1966900CABEFA /* View+MASAdditions.m */; };
		CD922DD71DD1966900CABEFA /* ViewController+MASAdditions.m in Sources */ = {isa = PBXBuildFile; fileRef = CD922DCD1DD1966900CABEFA /* ViewController+MASAdditions.m */; };
		CD964FB21DFE917C005381E7 /* TFEasyCoder_CA.m in Sources */ = {isa = PBXBuildFile; fileRef = CD964FB11DFE917C005381E7 /* TFEasyCoder_CA.m */; };
		CD964FB51DFE953F005381E7 /* TFEasyCoder_UI.m in Sources */ = {isa = PBXBuildFile; fileRef = CD964FB41DFE953F005381E7 /* TFEasyCoder_UI.m */; };
		CD964FB81DFE95D8005381E7 /* TFEasyCoder_NS.m in Sources */ = {isa = PBXBuildFile; fileRef = CD964FB71DFE95D8005381E7 /* TFEasyCoder_NS.m */; };
		CDA6F0EE1DC33CEC001330D3 /* main.m in Sources */ = {isa = PBXBuildFile; fileRef = CDA6F0ED1DC33CEC001330D3 /* main.m */; };
		CDA6F0F11DC33CEC001330D3 /* AppDelegate.m in Sources */ = {isa = PBXBuildFile; fileRef = CDA6F0F01DC33CEC001330D3 /* AppDelegate.m */; };
		CDA6F0F41DC33CEC001330D3 /* ViewController.m in Sources */ = {isa = PBXBuildFile; fileRef = CDA6F0F31DC33CEC001330D3 /* ViewController.m */; };
		CDA6F0F71DC33CEC001330D3 /* Main.storyboard in Resources */ = {isa = PBXBuildFile; fileRef = CDA6F0F51DC33CEC001330D3 /* Main.storyboard */; };
		CDA6F0F91DC33CEC001330D3 /* Assets.xcassets in Resources */ = {isa = PBXBuildFile; fileRef = CDA6F0F81DC33CEC001330D3 /* Assets.xcassets */; };
		CDA6F0FC1DC33CEC001330D3 /* LaunchScreen.storyboard in Resources */ = {isa = PBXBuildFile; fileRef = CDA6F0FA1DC33CEC001330D3 /* LaunchScreen.storyboard */; };
		CDBC7EB01DF965840004A819 /* arrow_btn@2x.png in Resources */ = {isa = PBXBuildFile; fileRef = CDBC7EA51DF965830004A819 /* arrow_btn@2x.png */; };
		CDBC7EB11DF965840004A819 /* background@2x.png in Resources */ = {isa = PBXBuildFile; fileRef = CDBC7EA61DF965830004A819 /* background@2x.png */; };
		CDBC7EB21DF965840004A819 /* home_birthday_icon@2x.png in Resources */ = {isa = PBXBuildFile; fileRef = CDBC7EA71DF965830004A819 /* home_birthday_icon@2x.png */; };
		CDBC7EB31DF965840004A819 /* home_lovers_icon@2x.png in Resources */ = {isa = PBXBuildFile; fileRef = CDBC7EA81DF965830004A819 /* home_lovers_icon@2x.png */; };
		CDBC7EB41DF965840004A819 /* home_music_icon@2x.png in Resources */ = {isa = PBXBuildFile; fileRef = CDBC7EA91DF965830004A819 /* home_music_icon@2x.png */; };
		CDBC7EB51DF965840004A819 /* home_visitor_icon@2x.png in Resources */ = {isa = PBXBuildFile; fileRef = CDBC7EAA1DF965830004A819 /* home_visitor_icon@2x.png */; };
		CDBC7EB61DF965840004A819 /* icon@2x.png in Resources */ = {isa = PBXBuildFile; fileRef = CDBC7EAB1DF965830004A819 /* icon@2x.png */; };
		CDBC7EB71DF965840004A819 /* widget_open_diamond_open@2x.png in Resources */ = {isa = PBXBuildFile; fileRef = CDBC7EAC1DF965830004A819 /* widget_open_diamond_open@2x.png */; };
		CDBC7EB81DF965840004A819 /* widget_yd_nameplate_gold@2x.png in Resources */ = {isa = PBXBuildFile; fileRef = CDBC7EAD1DF965830004A819 /* widget_yd_nameplate_gold@2x.png */; };
		CDBC7EB91DF965840004A819 /* yellowdiamond_openvip@2x.png in Resources */ = {isa = PBXBuildFile; fileRef = CDBC7EAE1DF965830004A819 /* yellowdiamond_openvip@2x.png */; };
		CDBC7EBA1DF965840004A819 /* yellowdiamond_riband@2x.png in Resources */ = {isa = PBXBuildFile; fileRef = CDBC7EAF1DF965830004A819 /* yellowdiamond_riband@2x.png */; };
		CDCC52BC1E058CE200764CD3 /* TmpObject.m in Sources */ = {isa = PBXBuildFile; fileRef = CDCC52BB1E058CE200764CD3 /* TmpObject.m */; };
		CDCC52BF1E065D2700764CD3 /* NSObject+TestCategory.m in Sources */ = {isa = PBXBuildFile; fileRef = CDCC52BE1E065D2700764CD3 /* NSObject+TestCategory.m */; };
		CDCC52C21E0663CC00764CD3 /* Tmp2Object.m in Sources */ = {isa = PBXBuildFile; fileRef = CDCC52C11E0663CC00764CD3 /* Tmp2Object.m */; };
/* End PBXBuildFile section */

/* Begin PBXFileReference section */
		2002365F217895D700CBC446 /* UIView+TFUIDevKit.h */ = {isa = PBXFileReference; fileEncoding = 4; lastKnownFileType = sourcecode.c.h; path = "UIView+TFUIDevKit.h"; sourceTree = "<group>"; };
		20023660217895D700CBC446 /* UIColor+TFKit.m */ = {isa = PBXFileReference; fileEncoding = 4; lastKnownFileType = sourcecode.c.objc; path = "UIColor+TFKit.m"; sourceTree = "<group>"; };
		20023661217895D700CBC446 /* UIView+TFKit.m */ = {isa = PBXFileReference; fileEncoding = 4; lastKnownFileType = sourcecode.c.objc; path = "UIView+TFKit.m"; sourceTree = "<group>"; };
		20023662217895D700CBC446 /* NSString_TFKit.h */ = {isa = PBXFileReference; fileEncoding = 4; lastKnownFileType = sourcecode.c.h; path = NSString_TFKit.h; sourceTree = "<group>"; };
		20023663217895D700CBC446 /* UIBarButtonItem+TFKit.m */ = {isa = PBXFileReference; fileEncoding = 4; lastKnownFileType = sourcecode.c.objc; path = "UIBarButtonItem+TFKit.m"; sourceTree = "<group>"; };
		20023664217895D700CBC446 /* NSArray+TFLogChinese.m */ = {isa = PBXFileReference; fileEncoding = 4; lastKnownFileType = sourcecode.c.objc; path = "NSArray+TFLogChinese.m"; sourceTree = "<group>"; };
		20023665217895D700CBC446 /* NSObject+TFTimer.m */ = {isa = PBXFileReference; fileEncoding = 4; lastKnownFileType = sourcecode.c.objc; path = "NSObject+TFTimer.m"; sourceTree = "<group>"; };
		20023666217895D700CBC446 /* TFKit.h */ = {isa = PBXFileReference; fileEncoding = 4; lastKnownFileType = sourcecode.c.h; path = TFKit.h; sourceTree = "<group>"; };
		20023667217895D700CBC446 /* UINavigationController+TFKit.m */ = {isa = PBXFileReference; fileEncoding = 4; lastKnownFileType = sourcecode.c.objc; path = "UINavigationController+TFKit.m"; sourceTree = "<group>"; };
		20023668217895D700CBC446 /* NSObject+TFGCDKit.m */ = {isa = PBXFileReference; fileEncoding = 4; lastKnownFileType = sourcecode.c.objc; path = "NSObject+TFGCDKit.m"; sourceTree = "<group>"; };
		20023669217895D700CBC446 /* UINavigationBar+TFKit.m */ = {isa = PBXFileReference; fileEncoding = 4; lastKnownFileType = sourcecode.c.objc; path = "UINavigationBar+TFKit.m"; sourceTree = "<group>"; };
		2002366A217895D700CBC446 /* UIViewController+TFKit.h */ = {isa = PBXFileReference; fileEncoding = 4; lastKnownFileType = sourcecode.c.h; path = "UIViewController+TFKit.h"; sourceTree = "<group>"; };
		2002366B217895D700CBC446 /* UIAlertView+TFKit.h */ = {isa = PBXFileReference; fileEncoding = 4; lastKnownFileType = sourcecode.c.h; path = "UIAlertView+TFKit.h"; sourceTree = "<group>"; };
		2002366C217895D700CBC446 /* UIActionSheet+TFKit.h */ = {isa = PBXFileReference; fileEncoding = 4; lastKnownFileType = sourcecode.c.h; path = "UIActionSheet+TFKit.h"; sourceTree = "<group>"; };
		2002366D217895D700CBC446 /* UIViewController+TFDebugKit.m */ = {isa = PBXFileReference; fileEncoding = 4; lastKnownFileType = sourcecode.c.objc; path = "UIViewController+TFDebugKit.m"; sourceTree = "<group>"; };
		2002366E217895D700CBC446 /* UIImage+TFKit.h */ = {isa = PBXFileReference; fileEncoding = 4; lastKnownFileType = sourcecode.c.h; path = "UIImage+TFKit.h"; sourceTree = "<group>"; };
		2002366F217895D700CBC446 /* NSDictionary+TFLogChinese.m */ = {isa = PBXFileReference; fileEncoding = 4; lastKnownFileType = sourcecode.c.objc; path = "NSDictionary+TFLogChinese.m"; sourceTree = "<group>"; };
		20023670217895D700CBC446 /* NSString+TFKit.h */ = {isa = PBXFileReference; fileEncoding = 4; lastKnownFileType = sourcecode.c.h; path = "NSString+TFKit.h"; sourceTree = "<group>"; };
		20023671217895D700CBC446 /* NSObject+TFKit.m */ = {isa = PBXFileReference; fileEncoding = 4; lastKnownFileType = sourcecode.c.objc; path = "NSObject+TFKit.m"; sourceTree = "<group>"; };
		20023672217895D700CBC446 /* UIFont_TFKit.h */ = {isa = PBXFileReference; fileEncoding = 4; lastKnownFileType = sourcecode.c.h; path = UIFont_TFKit.h; sourceTree = "<group>"; };
		20023673217895D700CBC446 /* UIColor+TFKit.h */ = {isa = PBXFileReference; fileEncoding = 4; lastKnownFileType = sourcecode.c.h; path = "UIColor+TFKit.h"; sourceTree = "<group>"; };
		20023674217895D700CBC446 /* UIView+TFUIDevKit.m */ = {isa = PBXFileReference; fileEncoding = 4; lastKnownFileType = sourcecode.c.objc; path = "UIView+TFUIDevKit.m"; sourceTree = "<group>"; };
		20023675217895D700CBC446 /* UIColor_TFKit.h */ = {isa = PBXFileReference; fileEncoding = 4; lastKnownFileType = sourcecode.c.h; path = UIColor_TFKit.h; sourceTree = "<group>"; };
		20023676217895D700CBC446 /* UINavigationBar+TFKit.h */ = {isa = PBXFileReference; fileEncoding = 4; lastKnownFileType = sourcecode.c.h; path = "UINavigationBar+TFKit.h"; sourceTree = "<group>"; };
		20023677217895D700CBC446 /* UINavigationController+TFKit.h */ = {isa = PBXFileReference; fileEncoding = 4; lastKnownFileType = sourcecode.c.h; path = "UINavigationController+TFKit.h"; sourceTree = "<group>"; };
		20023678217895D700CBC446 /* NSObject+TFGCDKit.h */ = {isa = PBXFileReference; fileEncoding = 4; lastKnownFileType = sourcecode.c.h; path = "NSObject+TFGCDKit.h"; sourceTree = "<group>"; };
		20023679217895D700CBC446 /* NSObject+TFTimer.h */ = {isa = PBXFileReference; fileEncoding = 4; lastKnownFileType = sourcecode.c.h; path = "NSObject+TFTimer.h"; sourceTree = "<group>"; };
		2002367A217895D700CBC446 /* UIBarButtonItem+TFKit.h */ = {isa = PBXFileReference; fileEncoding = 4; lastKnownFileType = sourcecode.c.h; path = "UIBarButtonItem+TFKit.h"; sourceTree = "<group>"; };
		2002367B217895D700CBC446 /* NSArray+TFLogChinese.h */ = {isa = PBXFileReference; fileEncoding = 4; lastKnownFileType = sourcecode.c.h; path = "NSArray+TFLogChinese.h"; sourceTree = "<group>"; };
		2002367C217895D700CBC446 /* NSObject_TFKit.h */ = {isa = PBXFileReference; fileEncoding = 4; lastKnownFileType = sourcecode.c.h; path = NSObject_TFKit.h; sourceTree = "<group>"; };
		2002367D217895D700CBC446 /* UIView+TFKit.h */ = {isa = PBXFileReference; fileEncoding = 4; lastKnownFileType = sourcecode.c.h; path = "UIView+TFKit.h"; sourceTree = "<group>"; };
		2002367E217895D700CBC446 /* UIView_TFKit.h */ = {isa = PBXFileReference; fileEncoding = 4; lastKnownFileType = sourcecode.c.h; path = UIView_TFKit.h; sourceTree = "<group>"; };
		2002367F217895D700CBC446 /* NSString+TFKit.m */ = {isa = PBXFileReference; fileEncoding = 4; lastKnownFileType = sourcecode.c.objc; path = "NSString+TFKit.m"; sourceTree = "<group>"; };
		20023680217895D700CBC446 /* NSObject+TFKit.h */ = {isa = PBXFileReference; fileEncoding = 4; lastKnownFileType = sourcecode.c.h; path = "NSObject+TFKit.h"; sourceTree = "<group>"; };
		20023681217895D700CBC446 /* NSDictionary+TFLogChinese.h */ = {isa = PBXFileReference; fileEncoding = 4; lastKnownFileType = sourcecode.c.h; path = "NSDictionary+TFLogChinese.h"; sourceTree = "<group>"; };
		20023682217895D700CBC446 /* UIImage+TFKit.m */ = {isa = PBXFileReference; fileEncoding = 4; lastKnownFileType = sourcecode.c.objc; path = "UIImage+TFKit.m"; sourceTree = "<group>"; };
		20023683217895D700CBC446 /* UIViewController+TFDebugKit.h */ = {isa = PBXFileReference; fileEncoding = 4; lastKnownFileType = sourcecode.c.h; path = "UIViewController+TFDebugKit.h"; sourceTree = "<group>"; };
		20023684217895D700CBC446 /* UIActionSheet+TFKit.m */ = {isa = PBXFileReference; fileEncoding = 4; lastKnownFileType = sourcecode.c.objc; path = "UIActionSheet+TFKit.m"; sourceTree = "<group>"; };
		20023685217895D700CBC446 /* UIAlertView+TFKit.m */ = {isa = PBXFileReference; fileEncoding = 4; lastKnownFileType = sourcecode.c.objc; path = "UIAlertView+TFKit.m"; sourceTree = "<group>"; };
		20023686217895D700CBC446 /* UIViewController+TFKit.m */ = {isa = PBXFileReference; fileEncoding = 4; lastKnownFileType = sourcecode.c.objc; path = "UIViewController+TFKit.m"; sourceTree = "<group>"; };
		90AF69F0229F72400081946A /* TFGCDKit.h */ = {isa = PBXFileReference; lastKnownFileType = sourcecode.c.h; path = TFGCDKit.h; sourceTree = "<group>"; };
		90AF69F2229F74C30081946A /* TFDevKit.h */ = {isa = PBXFileReference; lastKnownFileType = sourcecode.c.h; path = TFDevKit.h; sourceTree = "<group>"; };
		CD1674021DC87BCF00969C21 /* NSObject+TFExecute.h */ = {isa = PBXFileReference; fileEncoding = 4; lastKnownFileType = sourcecode.c.h; path = "NSObject+TFExecute.h"; sourceTree = "<group>"; };
		CD1674031DC87BCF00969C21 /* NSObject+TFExecute.m */ = {isa = PBXFileReference; fileEncoding = 4; lastKnownFileType = sourcecode.c.objc; path = "NSObject+TFExecute.m"; sourceTree = "<group>"; };
		CD1674041DC87BCF00969C21 /* TFEasyCoder.h */ = {isa = PBXFileReference; fileEncoding = 4; lastKnownFileType = sourcecode.c.h; path = TFEasyCoder.h; sourceTree = "<group>"; };
		CD1674051DC87BCF00969C21 /* TFEasyCoderConst.h */ = {isa = PBXFileReference; fileEncoding = 4; lastKnownFileType = sourcecode.c.h; path = TFEasyCoderConst.h; sourceTree = "<group>"; };
		CD4114E81E724C380062012E /* TFEasyCoderConfigue.h */ = {isa = PBXFileReference; fileEncoding = 4; lastKnownFileType = sourcecode.c.h; path = TFEasyCoderConfigue.h; sourceTree = "<group>"; };
		CD4114E91E724C380062012E /* TFEasyCoderConfigue.m */ = {isa = PBXFileReference; fileEncoding = 4; lastKnownFileType = sourcecode.c.objc; path = TFEasyCoderConfigue.m; sourceTree = "<group>"; };
		CD922DAE1DD195B000CABEFA /* TableviewHeader.h */ = {isa = PBXFileReference; fileEncoding = 4; lastKnownFileType = sourcecode.c.h; path = TableviewHeader.h; sourceTree = "<group>"; };
		CD922DAF1DD195B000CABEFA /* TableviewHeader.m */ = {isa = PBXFileReference; fileEncoding = 4; lastKnownFileType = sourcecode.c.objc; path = TableviewHeader.m; sourceTree = "<group>"; };
		CD922DB11DD195C400CABEFA /* TableviewCell.h */ = {isa = PBXFileReference; fileEncoding = 4; lastKnownFileType = sourcecode.c.h; path = TableviewCell.h; sourceTree = "<group>"; };
		CD922DB21DD195C400CABEFA /* TableviewCell.m */ = {isa = PBXFileReference; fileEncoding = 4; lastKnownFileType = sourcecode.c.objc; path = TableviewCell.m; sourceTree = "<group>"; };
		CD922DB51DD1966900CABEFA /* MASCompositeConstraint.h */ = {isa = PBXFileReference; fileEncoding = 4; lastKnownFileType = sourcecode.c.h; path = MASCompositeConstraint.h; sourceTree = "<group>"; };
		CD922DB61DD1966900CABEFA /* MASCompositeConstraint.m */ = {isa = PBXFileReference; fileEncoding = 4; lastKnownFileType = sourcecode.c.objc; path = MASCompositeConstraint.m; sourceTree = "<group>"; };
		CD922DB71DD1966900CABEFA /* MASConstraint+Private.h */ = {isa = PBXFileReference; fileEncoding = 4; lastKnownFileType = sourcecode.c.h; path = "MASConstraint+Private.h"; sourceTree = "<group>"; };
		CD922DB81DD1966900CABEFA /* MASConstraint.h */ = {isa = PBXFileReference; fileEncoding = 4; lastKnownFileType = sourcecode.c.h; path = MASConstraint.h; sourceTree = "<group>"; };
		CD922DB91DD1966900CABEFA /* MASConstraint.m */ = {isa = PBXFileReference; fileEncoding = 4; lastKnownFileType = sourcecode.c.objc; path = MASConstraint.m; sourceTree = "<group>"; };
		CD922DBA1DD1966900CABEFA /* MASConstraintMaker.h */ = {isa = PBXFileReference; fileEncoding = 4; lastKnownFileType = sourcecode.c.h; path = MASConstraintMaker.h; sourceTree = "<group>"; };
		CD922DBB1DD1966900CABEFA /* MASConstraintMaker.m */ = {isa = PBXFileReference; fileEncoding = 4; lastKnownFileType = sourcecode.c.objc; path = MASConstraintMaker.m; sourceTree = "<group>"; };
		CD922DBC1DD1966900CABEFA /* MASLayoutConstraint.h */ = {isa = PBXFileReference; fileEncoding = 4; lastKnownFileType = sourcecode.c.h; path = MASLayoutConstraint.h; sourceTree = "<group>"; };
		CD922DBD1DD1966900CABEFA /* MASLayoutConstraint.m */ = {isa = PBXFileReference; fileEncoding = 4; lastKnownFileType = sourcecode.c.objc; path = MASLayoutConstraint.m; sourceTree = "<group>"; };
		CD922DBE1DD1966900CABEFA /* Masonry.h */ = {isa = PBXFileReference; fileEncoding = 4; lastKnownFileType = sourcecode.c.h; path = Masonry.h; sourceTree = "<group>"; };
		CD922DBF1DD1966900CABEFA /* MASUtilities.h */ = {isa = PBXFileReference; fileEncoding = 4; lastKnownFileType = sourcecode.c.h; path = MASUtilities.h; sourceTree = "<group>"; };
		CD922DC01DD1966900CABEFA /* MASViewAttribute.h */ = {isa = PBXFileReference; fileEncoding = 4; lastKnownFileType = sourcecode.c.h; path = MASViewAttribute.h; sourceTree = "<group>"; };
		CD922DC11DD1966900CABEFA /* MASViewAttribute.m */ = {isa = PBXFileReference; fileEncoding = 4; lastKnownFileType = sourcecode.c.objc; path = MASViewAttribute.m; sourceTree = "<group>"; };
		CD922DC21DD1966900CABEFA /* MASViewConstraint.h */ = {isa = PBXFileReference; fileEncoding = 4; lastKnownFileType = sourcecode.c.h; path = MASViewConstraint.h; sourceTree = "<group>"; };
		CD922DC31DD1966900CABEFA /* MASViewConstraint.m */ = {isa = PBXFileReference; fileEncoding = 4; lastKnownFileType = sourcecode.c.objc; path = MASViewConstraint.m; sourceTree = "<group>"; };
		CD922DC41DD1966900CABEFA /* NSArray+MASAdditions.h */ = {isa = PBXFileReference; fileEncoding = 4; lastKnownFileType = sourcecode.c.h; path = "NSArray+MASAdditions.h"; sourceTree = "<group>"; };
		CD922DC51DD1966900CABEFA /* NSArray+MASAdditions.m */ = {isa = PBXFileReference; fileEncoding = 4; lastKnownFileType = sourcecode.c.objc; path = "NSArray+MASAdditions.m"; sourceTree = "<group>"; };
		CD922DC61DD1966900CABEFA /* NSArray+MASShorthandAdditions.h */ = {isa = PBXFileReference; fileEncoding = 4; lastKnownFileType = sourcecode.c.h; path = "NSArray+MASShorthandAdditions.h"; sourceTree = "<group>"; };
		CD922DC71DD1966900CABEFA /* NSLayoutConstraint+MASDebugAdditions.h */ = {isa = PBXFileReference; fileEncoding = 4; lastKnownFileType = sourcecode.c.h; path = "NSLayoutConstraint+MASDebugAdditions.h"; sourceTree = "<group>"; };
		CD922DC81DD1966900CABEFA /* NSLayoutConstraint+MASDebugAdditions.m */ = {isa = PBXFileReference; fileEncoding = 4; lastKnownFileType = sourcecode.c.objc; path = "NSLayoutConstraint+MASDebugAdditions.m"; sourceTree = "<group>"; };
		CD922DC91DD1966900CABEFA /* View+MASAdditions.h */ = {isa = PBXFileReference; fileEncoding = 4; lastKnownFileType = sourcecode.c.h; path = "View+MASAdditions.h"; sourceTree = "<group>"; };
		CD922DCA1DD1966900CABEFA /* View+MASAdditions.m */ = {isa = PBXFileReference; fileEncoding = 4; lastKnownFileType = sourcecode.c.objc; path = "View+MASAdditions.m"; sourceTree = "<group>"; };
		CD922DCB1DD1966900CABEFA /* View+MASShorthandAdditions.h */ = {isa = PBXFileReference; fileEncoding = 4; lastKnownFileType = sourcecode.c.h; path = "View+MASShorthandAdditions.h"; sourceTree = "<group>"; };
		CD922DCC1DD1966900CABEFA /* ViewController+MASAdditions.h */ = {isa = PBXFileReference; fileEncoding = 4; lastKnownFileType = sourcecode.c.h; path = "ViewController+MASAdditions.h"; sourceTree = "<group>"; };
		CD922DCD1DD1966900CABEFA /* ViewController+MASAdditions.m */ = {isa = PBXFileReference; fileEncoding = 4; lastKnownFileType = sourcecode.c.objc; path = "ViewController+MASAdditions.m"; sourceTree = "<group>"; };
		CD964FB01DFE917C005381E7 /* TFEasyCoder_CA.h */ = {isa = PBXFileReference; fileEncoding = 4; lastKnownFileType = sourcecode.c.h; path = TFEasyCoder_CA.h; sourceTree = "<group>"; };
		CD964FB11DFE917C005381E7 /* TFEasyCoder_CA.m */ = {isa = PBXFileReference; fileEncoding = 4; lastKnownFileType = sourcecode.c.objc; path = TFEasyCoder_CA.m; sourceTree = "<group>"; };
		CD964FB31DFE953F005381E7 /* TFEasyCoder_UI.h */ = {isa = PBXFileReference; fileEncoding = 4; lastKnownFileType = sourcecode.c.h; path = TFEasyCoder_UI.h; sourceTree = "<group>"; };
		CD964FB41DFE953F005381E7 /* TFEasyCoder_UI.m */ = {isa = PBXFileReference; fileEncoding = 4; lastKnownFileType = sourcecode.c.objc; path = TFEasyCoder_UI.m; sourceTree = "<group>"; };
		CD964FB61DFE95D8005381E7 /* TFEasyCoder_NS.h */ = {isa = PBXFileReference; fileEncoding = 4; lastKnownFileType = sourcecode.c.h; path = TFEasyCoder_NS.h; sourceTree = "<group>"; };
		CD964FB71DFE95D8005381E7 /* TFEasyCoder_NS.m */ = {isa = PBXFileReference; fileEncoding = 4; lastKnownFileType = sourcecode.c.objc; path = TFEasyCoder_NS.m; sourceTree = "<group>"; };
		CDA6F0E91DC33CEC001330D3 /* TFEasyCoderDemo.app */ = {isa = PBXFileReference; explicitFileType = wrapper.application; includeInIndex = 0; path = TFEasyCoderDemo.app; sourceTree = BUILT_PRODUCTS_DIR; };
		CDA6F0ED1DC33CEC001330D3 /* main.m */ = {isa = PBXFileReference; lastKnownFileType = sourcecode.c.objc; path = main.m; sourceTree = "<group>"; };
		CDA6F0EF1DC33CEC001330D3 /* AppDelegate.h */ = {isa = PBXFileReference; lastKnownFileType = sourcecode.c.h; path = AppDelegate.h; sourceTree = "<group>"; };
		CDA6F0F01DC33CEC001330D3 /* AppDelegate.m */ = {isa = PBXFileReference; lastKnownFileType = sourcecode.c.objc; path = AppDelegate.m; sourceTree = "<group>"; };
		CDA6F0F21DC33CEC001330D3 /* ViewController.h */ = {isa = PBXFileReference; lastKnownFileType = sourcecode.c.h; path = ViewController.h; sourceTree = "<group>"; };
		CDA6F0F31DC33CEC001330D3 /* ViewController.m */ = {isa = PBXFileReference; lastKnownFileType = sourcecode.c.objc; path = ViewController.m; sourceTree = "<group>"; };
		CDA6F0F61DC33CEC001330D3 /* Base */ = {isa = PBXFileReference; lastKnownFileType = file.storyboard; name = Base; path = Base.lproj/Main.storyboard; sourceTree = "<group>"; };
		CDA6F0F81DC33CEC001330D3 /* Assets.xcassets */ = {isa = PBXFileReference; lastKnownFileType = folder.assetcatalog; path = Assets.xcassets; sourceTree = "<group>"; };
		CDA6F0FB1DC33CEC001330D3 /* Base */ = {isa = PBXFileReference; lastKnownFileType = file.storyboard; name = Base; path = Base.lproj/LaunchScreen.storyboard; sourceTree = "<group>"; };
		CDA6F0FD1DC33CEC001330D3 /* Info.plist */ = {isa = PBXFileReference; lastKnownFileType = text.plist.xml; path = Info.plist; sourceTree = "<group>"; };
		CDBC7EA51DF965830004A819 /* arrow_btn@2x.png */ = {isa = PBXFileReference; lastKnownFileType = image.png; path = "arrow_btn@2x.png"; sourceTree = "<group>"; };
		CDBC7EA61DF965830004A819 /* background@2x.png */ = {isa = PBXFileReference; lastKnownFileType = image.png; path = "background@2x.png"; sourceTree = "<group>"; };
		CDBC7EA71DF965830004A819 /* home_birthday_icon@2x.png */ = {isa = PBXFileReference; lastKnownFileType = image.png; path = "home_birthday_icon@2x.png"; sourceTree = "<group>"; };
		CDBC7EA81DF965830004A819 /* home_lovers_icon@2x.png */ = {isa = PBXFileReference; lastKnownFileType = image.png; path = "home_lovers_icon@2x.png"; sourceTree = "<group>"; };
		CDBC7EA91DF965830004A819 /* home_music_icon@2x.png */ = {isa = PBXFileReference; lastKnownFileType = image.png; path = "home_music_icon@2x.png"; sourceTree = "<group>"; };
		CDBC7EAA1DF965830004A819 /* home_visitor_icon@2x.png */ = {isa = PBXFileReference; lastKnownFileType = image.png; path = "home_visitor_icon@2x.png"; sourceTree = "<group>"; };
		CDBC7EAB1DF965830004A819 /* icon@2x.png */ = {isa = PBXFileReference; lastKnownFileType = image.png; path = "icon@2x.png"; sourceTree = "<group>"; };
		CDBC7EAC1DF965830004A819 /* widget_open_diamond_open@2x.png */ = {isa = PBXFileReference; lastKnownFileType = image.png; path = "widget_open_diamond_open@2x.png"; sourceTree = "<group>"; };
		CDBC7EAD1DF965830004A819 /* widget_yd_nameplate_gold@2x.png */ = {isa = PBXFileReference; lastKnownFileType = image.png; path = "widget_yd_nameplate_gold@2x.png"; sourceTree = "<group>"; };
		CDBC7EAE1DF965830004A819 /* yellowdiamond_openvip@2x.png */ = {isa = PBXFileReference; lastKnownFileType = image.png; path = "yellowdiamond_openvip@2x.png"; sourceTree = "<group>"; };
		CDBC7EAF1DF965830004A819 /* yellowdiamond_riband@2x.png */ = {isa = PBXFileReference; lastKnownFileType = image.png; path = "yellowdiamond_riband@2x.png"; sourceTree = "<group>"; };
		CDCC52BA1E058CE200764CD3 /* TmpObject.h */ = {isa = PBXFileReference; fileEncoding = 4; lastKnownFileType = sourcecode.c.h; path = TmpObject.h; sourceTree = "<group>"; };
		CDCC52BB1E058CE200764CD3 /* TmpObject.m */ = {isa = PBXFileReference; fileEncoding = 4; lastKnownFileType = sourcecode.c.objc; path = TmpObject.m; sourceTree = "<group>"; };
		CDCC52BD1E065D2700764CD3 /* NSObject+TestCategory.h */ = {isa = PBXFileReference; fileEncoding = 4; lastKnownFileType = sourcecode.c.h; path = "NSObject+TestCategory.h"; sourceTree = "<group>"; };
		CDCC52BE1E065D2700764CD3 /* NSObject+TestCategory.m */ = {isa = PBXFileReference; fileEncoding = 4; lastKnownFileType = sourcecode.c.objc; path = "NSObject+TestCategory.m"; sourceTree = "<group>"; };
		CDCC52C01E0663CC00764CD3 /* Tmp2Object.h */ = {isa = PBXFileReference; fileEncoding = 4; lastKnownFileType = sourcecode.c.h; path = Tmp2Object.h; sourceTree = "<group>"; };
		CDCC52C11E0663CC00764CD3 /* Tmp2Object.m */ = {isa = PBXFileReference; fileEncoding = 4; lastKnownFileType = sourcecode.c.objc; path = Tmp2Object.m; sourceTree = "<group>"; };
/* End PBXFileReference section */

/* Begin PBXFrameworksBuildPhase section */
		CDA6F0E61DC33CEC001330D3 /* Frameworks */ = {
			isa = PBXFrameworksBuildPhase;
			buildActionMask = 2147483647;
			files = (
			);
			runOnlyForDeploymentPostprocessing = 0;
		};
/* End PBXFrameworksBuildPhase section */

/* Begin PBXGroup section */
		2002365E217895D700CBC446 /* tfkit */ = {
			isa = PBXGroup;
			children = (
				2002367B217895D700CBC446 /* NSArray+TFLogChinese.h */,
				20023664217895D700CBC446 /* NSArray+TFLogChinese.m */,
				20023681217895D700CBC446 /* NSDictionary+TFLogChinese.h */,
				2002366F217895D700CBC446 /* NSDictionary+TFLogChinese.m */,
				2002367C217895D700CBC446 /* NSObject_TFKit.h */,
				20023678217895D700CBC446 /* NSObject+TFGCDKit.h */,
				20023668217895D700CBC446 /* NSObject+TFGCDKit.m */,
				20023680217895D700CBC446 /* NSObject+TFKit.h */,
				20023671217895D700CBC446 /* NSObject+TFKit.m */,
				20023679217895D700CBC446 /* NSObject+TFTimer.h */,
				20023665217895D700CBC446 /* NSObject+TFTimer.m */,
				20023662217895D700CBC446 /* NSString_TFKit.h */,
				20023670217895D700CBC446 /* NSString+TFKit.h */,
				2002367F217895D700CBC446 /* NSString+TFKit.m */,
				90AF69F2229F74C30081946A /* TFDevKit.h */,
				90AF69F0229F72400081946A /* TFGCDKit.h */,
				20023666217895D700CBC446 /* TFKit.h */,
				2002366C217895D700CBC446 /* UIActionSheet+TFKit.h */,
				20023684217895D700CBC446 /* UIActionSheet+TFKit.m */,
				2002366B217895D700CBC446 /* UIAlertView+TFKit.h */,
				20023685217895D700CBC446 /* UIAlertView+TFKit.m */,
				2002367A217895D700CBC446 /* UIBarButtonItem+TFKit.h */,
				20023663217895D700CBC446 /* UIBarButtonItem+TFKit.m */,
				20023675217895D700CBC446 /* UIColor_TFKit.h */,
				20023673217895D700CBC446 /* UIColor+TFKit.h */,
				20023660217895D700CBC446 /* UIColor+TFKit.m */,
				20023672217895D700CBC446 /* UIFont_TFKit.h */,
				2002366E217895D700CBC446 /* UIImage+TFKit.h */,
				20023682217895D700CBC446 /* UIImage+TFKit.m */,
				20023676217895D700CBC446 /* UINavigationBar+TFKit.h */,
				20023669217895D700CBC446 /* UINavigationBar+TFKit.m */,
				20023677217895D700CBC446 /* UINavigationController+TFKit.h */,
				20023667217895D700CBC446 /* UINavigationController+TFKit.m */,
				2002367E217895D700CBC446 /* UIView_TFKit.h */,
				2002367D217895D700CBC446 /* UIView+TFKit.h */,
				20023661217895D700CBC446 /* UIView+TFKit.m */,
				2002365F217895D700CBC446 /* UIView+TFUIDevKit.h */,
				20023674217895D700CBC446 /* UIView+TFUIDevKit.m */,
				20023683217895D700CBC446 /* UIViewController+TFDebugKit.h */,
				2002366D217895D700CBC446 /* UIViewController+TFDebugKit.m */,
				2002366A217895D700CBC446 /* UIViewController+TFKit.h */,
				20023686217895D700CBC446 /* UIViewController+TFKit.m */,
			);
			path = tfkit;
			sourceTree = "<group>";
		};
		CD1672891DC87BCE00969C21 /* TFEasyCoder */ = {
			isa = PBXGroup;
			children = (
				2002365E217895D700CBC446 /* tfkit */,
				CD1674041DC87BCF00969C21 /* TFEasyCoder.h */,
				CD1674051DC87BCF00969C21 /* TFEasyCoderConst.h */,
				CD1674021DC87BCF00969C21 /* NSObject+TFExecute.h */,
				CD1674031DC87BCF00969C21 /* NSObject+TFExecute.m */,
				CD4114E81E724C380062012E /* TFEasyCoderConfigue.h */,
				CD4114E91E724C380062012E /* TFEasyCoderConfigue.m */,
				CD964FB01DFE917C005381E7 /* TFEasyCoder_CA.h */,
				CD964FB11DFE917C005381E7 /* TFEasyCoder_CA.m */,
				CD964FB31DFE953F005381E7 /* TFEasyCoder_UI.h */,
				CD964FB41DFE953F005381E7 /* TFEasyCoder_UI.m */,
				CD964FB61DFE95D8005381E7 /* TFEasyCoder_NS.h */,
				CD964FB71DFE95D8005381E7 /* TFEasyCoder_NS.m */,
			);
			name = TFEasyCoder;
			path = ../../TFEasyCoder;
			sourceTree = "<group>";
		};
		CD922DB41DD1966900CABEFA /* Masonry */ = {
			isa = PBXGroup;
			children = (
				CD922DB51DD1966900CABEFA /* MASCompositeConstraint.h */,
				CD922DB61DD1966900CABEFA /* MASCompositeConstraint.m */,
				CD922DB71DD1966900CABEFA /* MASConstraint+Private.h */,
				CD922DB81DD1966900CABEFA /* MASConstraint.h */,
				CD922DB91DD1966900CABEFA /* MASConstraint.m */,
				CD922DBA1DD1966900CABEFA /* MASConstraintMaker.h */,
				CD922DBB1DD1966900CABEFA /* MASConstraintMaker.m */,
				CD922DBC1DD1966900CABEFA /* MASLayoutConstraint.h */,
				CD922DBD1DD1966900CABEFA /* MASLayoutConstraint.m */,
				CD922DBE1DD1966900CABEFA /* Masonry.h */,
				CD922DBF1DD1966900CABEFA /* MASUtilities.h */,
				CD922DC01DD1966900CABEFA /* MASViewAttribute.h */,
				CD922DC11DD1966900CABEFA /* MASViewAttribute.m */,
				CD922DC21DD1966900CABEFA /* MASViewConstraint.h */,
				CD922DC31DD1966900CABEFA /* MASViewConstraint.m */,
				CD922DC41DD1966900CABEFA /* NSArray+MASAdditions.h */,
				CD922DC51DD1966900CABEFA /* NSArray+MASAdditions.m */,
				CD922DC61DD1966900CABEFA /* NSArray+MASShorthandAdditions.h */,
				CD922DC71DD1966900CABEFA /* NSLayoutConstraint+MASDebugAdditions.h */,
				CD922DC81DD1966900CABEFA /* NSLayoutConstraint+MASDebugAdditions.m */,
				CD922DC91DD1966900CABEFA /* View+MASAdditions.h */,
				CD922DCA1DD1966900CABEFA /* View+MASAdditions.m */,
				CD922DCB1DD1966900CABEFA /* View+MASShorthandAdditions.h */,
				CD922DCC1DD1966900CABEFA /* ViewController+MASAdditions.h */,
				CD922DCD1DD1966900CABEFA /* ViewController+MASAdditions.m */,
			);
			path = Masonry;
			sourceTree = "<group>";
		};
		CDA6F0E01DC33CEC001330D3 = {
			isa = PBXGroup;
			children = (
				CDA6F0EB1DC33CEC001330D3 /* TFEasyCoderDemo */,
				CDA6F0EA1DC33CEC001330D3 /* Products */,
			);
			sourceTree = "<group>";
		};
		CDA6F0EA1DC33CEC001330D3 /* Products */ = {
			isa = PBXGroup;
			children = (
				CDA6F0E91DC33CEC001330D3 /* TFEasyCoderDemo.app */,
			);
			name = Products;
			sourceTree = "<group>";
		};
		CDA6F0EB1DC33CEC001330D3 /* TFEasyCoderDemo */ = {
			isa = PBXGroup;
			children = (
				CD922DB41DD1966900CABEFA /* Masonry */,
				CD1672891DC87BCE00969C21 /* TFEasyCoder */,
				CDA6F0EF1DC33CEC001330D3 /* AppDelegate.h */,
				CDA6F0F01DC33CEC001330D3 /* AppDelegate.m */,
				CD922DAE1DD195B000CABEFA /* TableviewHeader.h */,
				CD922DAF1DD195B000CABEFA /* TableviewHeader.m */,
				CD922DB11DD195C400CABEFA /* TableviewCell.h */,
				CD922DB21DD195C400CABEFA /* TableviewCell.m */,
				CDA6F0F21DC33CEC001330D3 /* ViewController.h */,
				CDA6F0F31DC33CEC001330D3 /* ViewController.m */,
				CDCC52BD1E065D2700764CD3 /* NSObject+TestCategory.h */,
				CDCC52BE1E065D2700764CD3 /* NSObject+TestCategory.m */,
				CDCC52BA1E058CE200764CD3 /* TmpObject.h */,
				CDCC52BB1E058CE200764CD3 /* TmpObject.m */,
				CDCC52C01E0663CC00764CD3 /* Tmp2Object.h */,
				CDCC52C11E0663CC00764CD3 /* Tmp2Object.m */,
				CDA6F0F51DC33CEC001330D3 /* Main.storyboard */,
				CDA6F0F81DC33CEC001330D3 /* Assets.xcassets */,
				CDA6F0FA1DC33CEC001330D3 /* LaunchScreen.storyboard */,
				CDA6F0FD1DC33CEC001330D3 /* Info.plist */,
				CDA6F0EC1DC33CEC001330D3 /* Supporting Files */,
			);
			path = TFEasyCoderDemo;
			sourceTree = "<group>";
		};
		CDA6F0EC1DC33CEC001330D3 /* Supporting Files */ = {
			isa = PBXGroup;
			children = (
				CDBC7EA51DF965830004A819 /* arrow_btn@2x.png */,
				CDBC7EA61DF965830004A819 /* background@2x.png */,
				CDBC7EA71DF965830004A819 /* home_birthday_icon@2x.png */,
				CDBC7EA81DF965830004A819 /* home_lovers_icon@2x.png */,
				CDBC7EA91DF965830004A819 /* home_music_icon@2x.png */,
				CDBC7EAA1DF965830004A819 /* home_visitor_icon@2x.png */,
				CDBC7EAB1DF965830004A819 /* icon@2x.png */,
				CDBC7EAC1DF965830004A819 /* widget_open_diamond_open@2x.png */,
				CDBC7EAD1DF965830004A819 /* widget_yd_nameplate_gold@2x.png */,
				CDBC7EAE1DF965830004A819 /* yellowdiamond_openvip@2x.png */,
				CDBC7EAF1DF965830004A819 /* yellowdiamond_riband@2x.png */,
				CDA6F0ED1DC33CEC001330D3 /* main.m */,
			);
			name = "Supporting Files";
			sourceTree = "<group>";
		};
/* End PBXGroup section */

/* Begin PBXNativeTarget section */
		CDA6F0E81DC33CEC001330D3 /* TFEasyCoderDemo */ = {
			isa = PBXNativeTarget;
			buildConfigurationList = CDA6F1001DC33CEC001330D3 /* Build configuration list for PBXNativeTarget "TFEasyCoderDemo" */;
			buildPhases = (
				CDA6F0E51DC33CEC001330D3 /* Sources */,
				CDA6F0E61DC33CEC001330D3 /* Frameworks */,
				CDA6F0E71DC33CEC001330D3 /* Resources */,
			);
			buildRules = (
			);
			dependencies = (
			);
			name = TFEasyCoderDemo;
			productName = TFEasyCoderDemo;
			productReference = CDA6F0E91DC33CEC001330D3 /* TFEasyCoderDemo.app */;
			productType = "com.apple.product-type.application";
		};
/* End PBXNativeTarget section */

/* Begin PBXProject section */
		CDA6F0E11DC33CEC001330D3 /* Project object */ = {
			isa = PBXProject;
			attributes = {
				LastUpgradeCheck = 0730;
				ORGANIZATIONNAME = "融数";
				TargetAttributes = {
					CDA6F0E81DC33CEC001330D3 = {
						CreatedOnToolsVersion = 7.3;
						ProvisioningStyle = Manual;
					};
				};
			};
			buildConfigurationList = CDA6F0E41DC33CEC001330D3 /* Build configuration list for PBXProject "TFEasyCoderDemo" */;
			compatibilityVersion = "Xcode 3.2";
			developmentRegion = English;
			hasScannedForEncodings = 0;
			knownRegions = (
				en,
				Base,
			);
			mainGroup = CDA6F0E01DC33CEC001330D3;
			productRefGroup = CDA6F0EA1DC33CEC001330D3 /* Products */;
			projectDirPath = "";
			projectRoot = "";
			targets = (
				CDA6F0E81DC33CEC001330D3 /* TFEasyCoderDemo */,
			);
		};
/* End PBXProject section */

/* Begin PBXResourcesBuildPhase section */
		CDA6F0E71DC33CEC001330D3 /* Resources */ = {
			isa = PBXResourcesBuildPhase;
			buildActionMask = 2147483647;
			files = (
				CDA6F0FC1DC33CEC001330D3 /* LaunchScreen.storyboard in Resources */,
				CDBC7EB71DF965840004A819 /* widget_open_diamond_open@2x.png in Resources */,
				CDBC7EB51DF965840004A819 /* home_visitor_icon@2x.png in Resources */,
				CDA6F0F91DC33CEC001330D3 /* Assets.xcassets in Resources */,
				CDBC7EB31DF965840004A819 /* home_lovers_icon@2x.png in Resources */,
				CDBC7EBA1DF965840004A819 /* yellowdiamond_riband@2x.png in Resources */,
				CDBC7EB91DF965840004A819 /* yellowdiamond_openvip@2x.png in Resources */,
				CDA6F0F71DC33CEC001330D3 /* Main.storyboard in Resources */,
				CDBC7EB41DF965840004A819 /* home_music_icon@2x.png in Resources */,
				CDBC7EB81DF965840004A819 /* widget_yd_nameplate_gold@2x.png in Resources */,
				CDBC7EB11DF965840004A819 /* background@2x.png in Resources */,
				CDBC7EB01DF965840004A819 /* arrow_btn@2x.png in Resources */,
				CDBC7EB21DF965840004A819 /* home_birthday_icon@2x.png in Resources */,
				CDBC7EB61DF965840004A819 /* icon@2x.png in Resources */,
			);
			runOnlyForDeploymentPostprocessing = 0;
		};
/* End PBXResourcesBuildPhase section */

/* Begin PBXSourcesBuildPhase section */
		CDA6F0E51DC33CEC001330D3 /* Sources */ = {
			isa = PBXSourcesBuildPhase;
			buildActionMask = 2147483647;
			files = (
				CD922DCE1DD1966900CABEFA /* MASCompositeConstraint.m in Sources */,
				CD922DD11DD1966900CABEFA /* MASLayoutConstraint.m in Sources */,
				CD922DD41DD1966900CABEFA /* NSArray+MASAdditions.m in Sources */,
				CD922DD51DD1966900CABEFA /* NSLayoutConstraint+MASDebugAdditions.m in Sources */,
				CD922DD71DD1966900CABEFA /* ViewController+MASAdditions.m in Sources */,
				2002368A217895D700CBC446 /* NSArray+TFLogChinese.m in Sources */,
				2002368E217895D700CBC446 /* UINavigationBar+TFKit.m in Sources */,
				CD922DD61DD1966900CABEFA /* View+MASAdditions.m in Sources */,
				CD922DB01DD195B000CABEFA /* TableviewHeader.m in Sources */,
				2002368F217895D700CBC446 /* UIViewController+TFDebugKit.m in Sources */,
				CD1676121DC87BD000969C21 /* NSObject+TFExecute.m in Sources */,
				CDCC52BF1E065D2700764CD3 /* NSObject+TestCategory.m in Sources */,
				20023693217895D700CBC446 /* NSString+TFKit.m in Sources */,
				20023697217895D700CBC446 /* UIViewController+TFKit.m in Sources */,
				CDA6F0F41DC33CEC001330D3 /* ViewController.m in Sources */,
				2002368B217895D700CBC446 /* NSObject+TFTimer.m in Sources */,
				CD922DD31DD1966900CABEFA /* MASViewConstraint.m in Sources */,
				CD964FB81DFE95D8005381E7 /* TFEasyCoder_NS.m in Sources */,
				CD964FB21DFE917C005381E7 /* TFEasyCoder_CA.m in Sources */,
				20023690217895D700CBC446 /* NSDictionary+TFLogChinese.m in Sources */,
				20023688217895D700CBC446 /* UIView+TFKit.m in Sources */,
				CD922DB31DD195C400CABEFA /* TableviewCell.m in Sources */,
				20023691217895D700CBC446 /* NSObject+TFKit.m in Sources */,
				CDCC52BC1E058CE200764CD3 /* TmpObject.m in Sources */,
				CDA6F0F11DC33CEC001330D3 /* AppDelegate.m in Sources */,
				20023694217895D700CBC446 /* UIImage+TFKit.m in Sources */,
				20023692217895D700CBC446 /* UIView+TFUIDevKit.m in Sources */,
				CD4114EA1E724C380062012E /* TFEasyCoderConfigue.m in Sources */,
				CD964FB51DFE953F005381E7 /* TFEasyCoder_UI.m in Sources */,
				20023695217895D700CBC446 /* UIActionSheet+TFKit.m in Sources */,
				CD922DCF1DD1966900CABEFA /* MASConstraint.m in Sources */,
				CDA6F0EE1DC33CEC001330D3 /* main.m in Sources */,
				2002368D217895D700CBC446 /* NSObject+TFGCDKit.m in Sources */,
				20023687217895D700CBC446 /* UIColor+TFKit.m in Sources */,
				CDCC52C21E0663CC00764CD3 /* Tmp2Object.m in Sources */,
				20023689217895D700CBC446 /* UIBarButtonItem+TFKit.m in Sources */,
				2002368C217895D700CBC446 /* UINavigationController+TFKit.m in Sources */,
				CD922DD21DD1966900CABEFA /* MASViewAttribute.m in Sources */,
				20023696217895D700CBC446 /* UIAlertView+TFKit.m in Sources */,
				CD922DD01DD1966900CABEFA /* MASConstraintMaker.m in Sources */,
			);
			runOnlyForDeploymentPostprocessing = 0;
		};
/* End PBXSourcesBuildPhase section */

/* Begin PBXVariantGroup section */
		CDA6F0F51DC33CEC001330D3 /* Main.storyboard */ = {
			isa = PBXVariantGroup;
			children = (
				CDA6F0F61DC33CEC001330D3 /* Base */,
			);
			name = Main.storyboard;
			sourceTree = "<group>";
		};
		CDA6F0FA1DC33CEC001330D3 /* LaunchScreen.storyboard */ = {
			isa = PBXVariantGroup;
			children = (
				CDA6F0FB1DC33CEC001330D3 /* Base */,
			);
			name = LaunchScreen.storyboard;
			sourceTree = "<group>";
		};
/* End PBXVariantGroup section */

/* Begin XCBuildConfiguration section */
		CDA6F0FE1DC33CEC001330D3 /* Debug */ = {
			isa = XCBuildConfiguration;
			buildSettings = {
				ALWAYS_SEARCH_USER_PATHS = NO;
				CLANG_ANALYZER_NONNULL = YES;
				CLANG_CXX_LANGUAGE_STANDARD = "gnu++0x";
				CLANG_CXX_LIBRARY = "libc++";
				CLANG_ENABLE_MODULES = YES;
				CLANG_ENABLE_OBJC_ARC = YES;
				CLANG_WARN_BOOL_CONVERSION = YES;
				CLANG_WARN_CONSTANT_CONVERSION = YES;
				CLANG_WARN_DIRECT_OBJC_ISA_USAGE = YES_ERROR;
				CLANG_WARN_EMPTY_BODY = YES;
				CLANG_WARN_ENUM_CONVERSION = YES;
				CLANG_WARN_INT_CONVERSION = YES;
				CLANG_WARN_OBJC_ROOT_CLASS = YES_ERROR;
				CLANG_WARN_UNREACHABLE_CODE = YES;
				CLANG_WARN__DUPLICATE_METHOD_MATCH = YES;
				"CODE_SIGN_IDENTITY[sdk=iphoneos*]" = "iPhone Developer";
				COPY_PHASE_STRIP = NO;
				DEBUG_INFORMATION_FORMAT = dwarf;
				ENABLE_STRICT_OBJC_MSGSEND = YES;
				ENABLE_TESTABILITY = YES;
				GCC_C_LANGUAGE_STANDARD = gnu99;
				GCC_DYNAMIC_NO_PIC = NO;
				GCC_NO_COMMON_BLOCKS = YES;
				GCC_OPTIMIZATION_LEVEL = 0;
				GCC_PREPROCESSOR_DEFINITIONS = (
					"DEBUG=1",
					"$(inherited)",
				);
				GCC_WARN_64_TO_32_BIT_CONVERSION = YES;
				GCC_WARN_ABOUT_RETURN_TYPE = YES_ERROR;
				GCC_WARN_UNDECLARED_SELECTOR = YES;
				GCC_WARN_UNINITIALIZED_AUTOS = YES_AGGRESSIVE;
				GCC_WARN_UNUSED_FUNCTION = YES;
				GCC_WARN_UNUSED_VARIABLE = YES;
				IPHONEOS_DEPLOYMENT_TARGET = 9.3;
				MTL_ENABLE_DEBUG_INFO = YES;
				ONLY_ACTIVE_ARCH = YES;
				SDKROOT = iphoneos;
			};
			name = Debug;
		};
		CDA6F0FF1DC33CEC001330D3 /* Release */ = {
			isa = XCBuildConfiguration;
			buildSettings = {
				ALWAYS_SEARCH_USER_PATHS = NO;
				CLANG_ANALYZER_NONNULL = YES;
				CLANG_CXX_LANGUAGE_STANDARD = "gnu++0x";
				CLANG_CXX_LIBRARY = "libc++";
				CLANG_ENABLE_MODULES = YES;
				CLANG_ENABLE_OBJC_ARC = YES;
				CLANG_WARN_BOOL_CONVERSION = YES;
				CLANG_WARN_CONSTANT_CONVERSION = YES;
				CLANG_WARN_DIRECT_OBJC_ISA_USAGE = YES_ERROR;
				CLANG_WARN_EMPTY_BODY = YES;
				CLANG_WARN_ENUM_CONVERSION = YES;
				CLANG_WARN_INT_CONVERSION = YES;
				CLANG_WARN_OBJC_ROOT_CLASS = YES_ERROR;
				CLANG_WARN_UNREACHABLE_CODE = YES;
				CLANG_WARN__DUPLICATE_METHOD_MATCH = YES;
				"CODE_SIGN_IDENTITY[sdk=iphoneos*]" = "iPhone Developer";
				COPY_PHASE_STRIP = NO;
				DEBUG_INFORMATION_FORMAT = "dwarf-with-dsym";
				ENABLE_NS_ASSERTIONS = NO;
				ENABLE_STRICT_OBJC_MSGSEND = YES;
				GCC_C_LANGUAGE_STANDARD = gnu99;
				GCC_NO_COMMON_BLOCKS = YES;
				GCC_WARN_64_TO_32_BIT_CONVERSION = YES;
				GCC_WARN_ABOUT_RETURN_TYPE = YES_ERROR;
				GCC_WARN_UNDECLARED_SELECTOR = YES;
				GCC_WARN_UNINITIALIZED_AUTOS = YES_AGGRESSIVE;
				GCC_WARN_UNUSED_FUNCTION = YES;
				GCC_WARN_UNUSED_VARIABLE = YES;
				IPHONEOS_DEPLOYMENT_TARGET = 9.3;
				MTL_ENABLE_DEBUG_INFO = NO;
				SDKROOT = iphoneos;
				VALIDATE_PRODUCT = YES;
			};
			name = Release;
		};
		CDA6F1011DC33CEC001330D3 /* Debug */ = {
			isa = XCBuildConfiguration;
			buildSettings = {
				ASSETCATALOG_COMPILER_APPICON_NAME = AppIcon;
				DEVELOPMENT_TEAM = "";
				INFOPLIST_FILE = TFEasyCoderDemo/Info.plist;
				IPHONEOS_DEPLOYMENT_TARGET = 7.0;
				LD_RUNPATH_SEARCH_PATHS = "$(inherited) @executable_path/Frameworks";
				PRODUCT_BUNDLE_IDENTIFIER = com.rongcapital.TFEasyCoderDemo;
				PRODUCT_NAME = "$(TARGET_NAME)";
			};
			name = Debug;
		};
		CDA6F1021DC33CEC001330D3 /* Release */ = {
			isa = XCBuildConfiguration;
			buildSettings = {
				ASSETCATALOG_COMPILER_APPICON_NAME = AppIcon;
				DEVELOPMENT_TEAM = "";
				INFOPLIST_FILE = TFEasyCoderDemo/Info.plist;
				IPHONEOS_DEPLOYMENT_TARGET = 7.0;
				LD_RUNPATH_SEARCH_PATHS = "$(inherited) @executable_path/Frameworks";
				PRODUCT_BUNDLE_IDENTIFIER = com.rongcapital.TFEasyCoderDemo;
				PRODUCT_NAME = "$(TARGET_NAME)";
			};
			name = Release;
		};
/* End XCBuildConfiguration section */

/* Begin XCConfigurationList section */
		CDA6F0E41DC33CEC001330D3 /* Build configuration list for PBXProject "TFEasyCoderDemo" */ = {
			isa = XCConfigurationList;
			buildConfigurations = (
				CDA6F0FE1DC33CEC001330D3 /* Debug */,
				CDA6F0FF1DC33CEC001330D3 /* Release */,
			);
			defaultConfigurationIsVisible = 0;
			defaultConfigurationName = Release;
		};
		CDA6F1001DC33CEC001330D3 /* Build configuration list for PBXNativeTarget "TFEasyCoderDemo" */ = {
			isa = XCConfigurationList;
			buildConfigurations = (
				CDA6F1011DC33CEC001330D3 /* Debug */,
				CDA6F1021DC33CEC001330D3 /* Release */,
			);
			defaultConfigurationIsVisible = 0;
			defaultConfigurationName = Release;
		};
/* End XCConfigurationList section */
	};
	rootObject = CDA6F0E11DC33CEC001330D3 /* Project object */;
}
